{
  "name": "mcp",
  "lockfileVersion": 3,
  "requires": true,
  "packages": {
    "": {
      "devDependencies": {
        "@types/json-editor": "^0.0.10"
      }
    },
    "node_modules/@types/json-editor": {
      "version": "0.0.10",
      "resolved": "https://registry.npmmirror.com/@types/json-editor/-/json-editor-0.0.10.tgz",
      "integrity": "sha512-zVE3AH4z5+kCxOcxwORNNpsCtvf+PWDijUsnYpfpoWmk5AxPqiEPOYkszWosrkHcPaK5+StOv4iuJ/ygXlGeFQ==",
      "dev": true,
      "license": "MIT"
    }
  }
}
